
Microsoft Visual Studio Solution File, Format Version 12.00
# Visual Studio Version 17
VisualStudioVersion = 17.0.31912.275
MinimumVisualStudioVersion = 10.0.40219.1
Project("{FAE04EC0-301F-11D3-BF4B-00C04F79EFBC}") = "HanoiTower", "HanoiTower\HanoiTower.csproj", "{2C41668C-D068-479E-9CE1-EE25B8CB6C95}"
EndProject
Global
	GlobalSection(SolutionConfigurationPlatforms) = preSolution
		Debug|Any CPU = Debug|Any CPU
		Release|Any CPU = Release|Any CPU
	EndGlobalSection
	GlobalSection(ProjectConfigurationPlatforms) = postSolution
		{2C41668C-D068-479E-9CE1-EE25B8CB6C95}.Debug|Any CPU.ActiveCfg = Debug|Any CPU
		{2C41668C-D068-479E-9CE1-EE25B8CB6C95}.Debug|Any CPU.Build.0 = Debug|Any CPU
		{2C41668C-D068-479E-9CE1-EE25B8CB6C95}.Release|Any CPU.ActiveCfg = Release|Any CPU
		{2C41668C-D068-479E-9CE1-EE25B8CB6C95}.Release|Any CPU.Build.0 = Release|Any CPU
	EndGlobalSection
	GlobalSection(SolutionProperties) = preSolution
		HideSolutionNode = FALSE
	EndGlobalSection
	GlobalSection(ExtensibilityGlobals) = postSolution
		SolutionGuid = {575CB64B-3114-416F-8383-CBBB7F404BEE}
	EndGlobalSection
EndGlobal
